
Microsoft Visual Studio Solution File, Format Version 12.00
# Visual Studio Version 17
VisualStudioVersion = 17.5.33516.290
MinimumVisualStudioVersion = 10.0.40219.1
Project("{FAE04EC0-301F-11D3-BF4B-00C04F79EFBC}") = "Tinh tong cac phan tu", "Tinh tong cac phan tu.csproj", "{356DC040-3B4C-4BC3-9C9D-AC8C983948AE}"
EndProject
Global
	GlobalSection(SolutionConfigurationPlatforms) = preSolution
		Debug|Any CPU = Debug|Any CPU
		Release|Any CPU = Release|Any CPU
	EndGlobalSection
	GlobalSection(ProjectConfigurationPlatforms) = postSolution
		{356DC040-3B4C-4BC3-9C9D-AC8C983948AE}.Debug|Any CPU.ActiveCfg = Debug|Any CPU
		{356DC040-3B4C-4BC3-9C9D-AC8C983948AE}.Debug|Any CPU.Build.0 = Debug|Any CPU
		{356DC040-3B4C-4BC3-9C9D-AC8C983948AE}.Release|Any CPU.ActiveCfg = Release|Any CPU
		{356DC040-3B4C-4BC3-9C9D-AC8C983948AE}.Release|Any CPU.Build.0 = Release|Any CPU
	EndGlobalSection
	GlobalSection(SolutionProperties) = preSolution
		HideSolutionNode = FALSE
	EndGlobalSection
	GlobalSection(ExtensibilityGlobals) = postSolution
		SolutionGuid = {AA793F61-ADD9-4704-948E-71EEAE9DCF7F}
	EndGlobalSection
EndGlobal
